
Microsoft Visual Studio Solution File, Format Version 12.00
# Visual Studio 15
VisualStudioVersion = 15.0.28307.271
MinimumVisualStudioVersion = 10.0.40219.1
Project("{FAE04EC0-301F-11D3-BF4B-00C04F79EFBC}") = "MvcMovie", "MvcMovie\MvcMovie.csproj", "{8EB45AC6-93C9-45C3-B8EA-CDFA1F2CAE7A}"
EndProject
Global
	GlobalSection(SolutionConfigurationPlatforms) = preSolution
		Debug|Any CPU = Debug|Any CPU
		Release|Any CPU = Release|Any CPU
	EndGlobalSection
	GlobalSection(ProjectConfigurationPlatforms) = postSolution
		{8EB45AC6-93C9-45C3-B8EA-CDFA1F2CAE7A}.Debug|Any CPU.ActiveCfg = Debug|Any CPU
		{8EB45AC6-93C9-45C3-B8EA-CDFA1F2CAE7A}.Debug|Any CPU.Build.0 = Debug|Any CPU
		{8EB45AC6-93C9-45C3-B8EA-CDFA1F2CAE7A}.Release|Any CPU.ActiveCfg = Release|Any CPU
		{8EB45AC6-93C9-45C3-B8EA-CDFA1F2CAE7A}.Release|Any CPU.Build.0 = Release|Any CPU
	EndGlobalSection
	GlobalSection(SolutionProperties) = preSolution
		HideSolutionNode = FALSE
	EndGlobalSection
	GlobalSection(ExtensibilityGlobals) = postSolution
		SolutionGuid = {823FB34B-3613-4877-92F1-021C403CE1FC}
	EndGlobalSection
EndGlobal
